
Microsoft Visual Studio Solution File, Format Version 12.00
# Visual Studio Version 17
VisualStudioVersion = 17.0.31903.59
MinimumVisualStudioVersion = 10.0.40219.1
Project("{2150E333-8FDC-42A3-9474-1A3956D46DE8}") = "src", "src", "{827E0CD3-B72D-47B6-A68D-7590B98EB39B}"
EndProject
Project("{FAE04EC0-301F-11D3-BF4B-00C04F79EFBC}") = "CampaignManager.Shared", "src\CampaignManager.Shared\CampaignManager.Shared.csproj", "{7C19914F-A531-4D83-B0B0-1051568E96D9}"
EndProject
Project("{FAE04EC0-301F-11D3-BF4B-00C04F79EFBC}") = "CampaignManager.Data", "src\CampaignManager.Data\CampaignManager.Data.csproj", "{495BBAB8-4999-4DEB-A72C-0AC69EADEED8}"
EndProject
Project("{FAE04EC0-301F-11D3-BF4B-00C04F79EFBC}") = "CampaignManager.Api", "src\CampaignManager.Api\CampaignManager.Api.csproj", "{30D446D8-7C00-4E9B-8F23-E7E535913C5F}"
EndProject
Project("{FAE04EC0-301F-11D3-BF4B-00C04F79EFBC}") = "CampaignManager.Web", "src\CampaignManager.Web\CampaignManager.Web.csproj", "{15860AFF-854B-4A12-AF9F-08DB7A094021}"
EndProject
Global
	GlobalSection(SolutionConfigurationPlatforms) = preSolution
		Debug|Any CPU = Debug|Any CPU
		Debug|x64 = Debug|x64
		Debug|x86 = Debug|x86
		Release|Any CPU = Release|Any CPU
		Release|x64 = Release|x64
		Release|x86 = Release|x86
	EndGlobalSection
	GlobalSection(ProjectConfigurationPlatforms) = postSolution
		{7C19914F-A531-4D83-B0B0-1051568E96D9}.Debug|Any CPU.ActiveCfg = Debug|Any CPU
		{7C19914F-A531-4D83-B0B0-1051568E96D9}.Debug|Any CPU.Build.0 = Debug|Any CPU
		{7C19914F-A531-4D83-B0B0-1051568E96D9}.Debug|x64.ActiveCfg = Debug|Any CPU
		{7C19914F-A531-4D83-B0B0-1051568E96D9}.Debug|x64.Build.0 = Debug|Any CPU
		{7C19914F-A531-4D83-B0B0-1051568E96D9}.Debug|x86.ActiveCfg = Debug|Any CPU
		{7C19914F-A531-4D83-B0B0-1051568E96D9}.Debug|x86.Build.0 = Debug|Any CPU
		{7C19914F-A531-4D83-B0B0-1051568E96D9}.Release|Any CPU.ActiveCfg = Release|Any CPU
		{7C19914F-A531-4D83-B0B0-1051568E96D9}.Release|Any CPU.Build.0 = Release|Any CPU
		{7C19914F-A531-4D83-B0B0-1051568E96D9}.Release|x64.ActiveCfg = Release|Any CPU
		{7C19914F-A531-4D83-B0B0-1051568E96D9}.Release|x64.Build.0 = Release|Any CPU
		{7C19914F-A531-4D83-B0B0-1051568E96D9}.Release|x86.ActiveCfg = Release|Any CPU
		{7C19914F-A531-4D83-B0B0-1051568E96D9}.Release|x86.Build.0 = Release|Any CPU
		{495BBAB8-4999-4DEB-A72C-0AC69EADEED8}.Debug|Any CPU.ActiveCfg = Debug|Any CPU
		{495BBAB8-4999-4DEB-A72C-0AC69EADEED8}.Debug|Any CPU.Build.0 = Debug|Any CPU
		{495BBAB8-4999-4DEB-A72C-0AC69EADEED8}.Debug|x64.ActiveCfg = Debug|Any CPU
		{495BBAB8-4999-4DEB-A72C-0AC69EADEED8}.Debug|x64.Build.0 = Debug|Any CPU
		{495BBAB8-4999-4DEB-A72C-0AC69EADEED8}.Debug|x86.ActiveCfg = Debug|Any CPU
		{495BBAB8-4999-4DEB-A72C-0AC69EADEED8}.Debug|x86.Build.0 = Debug|Any CPU
		{495BBAB8-4999-4DEB-A72C-0AC69EADEED8}.Release|Any CPU.ActiveCfg = Release|Any CPU
		{495BBAB8-4999-4DEB-A72C-0AC69EADEED8}.Release|Any CPU.Build.0 = Release|Any CPU
		{495BBAB8-4999-4DEB-A72C-0AC69EADEED8}.Release|x64.ActiveCfg = Release|Any CPU
		{495BBAB8-4999-4DEB-A72C-0AC69EADEED8}.Release|x64.Build.0 = Release|Any CPU
		{495BBAB8-4999-4DEB-A72C-0AC69EADEED8}.Release|x86.ActiveCfg = Release|Any CPU
		{495BBAB8-4999-4DEB-A72C-0AC69EADEED8}.Release|x86.Build.0 = Release|Any CPU
		{30D446D8-7C00-4E9B-8F23-E7E535913C5F}.Debug|Any CPU.ActiveCfg = Debug|Any CPU
		{30D446D8-7C00-4E9B-8F23-E7E535913C5F}.Debug|Any CPU.Build.0 = Debug|Any CPU
		{30D446D8-7C00-4E9B-8F23-E7E535913C5F}.Debug|x64.ActiveCfg = Debug|Any CPU
		{30D446D8-7C00-4E9B-8F23-E7E535913C5F}.Debug|x64.Build.0 = Debug|Any CPU
		{30D446D8-7C00-4E9B-8F23-E7E535913C5F}.Debug|x86.ActiveCfg = Debug|Any CPU
		{30D446D8-7C00-4E9B-8F23-E7E535913C5F}.Debug|x86.Build.0 = Debug|Any CPU
		{30D446D8-7C00-4E9B-8F23-E7E535913C5F}.Release|Any CPU.ActiveCfg = Release|Any CPU
		{30D446D8-7C00-4E9B-8F23-E7E535913C5F}.Release|Any CPU.Build.0 = Release|Any CPU
		{30D446D8-7C00-4E9B-8F23-E7E535913C5F}.Release|x64.ActiveCfg = Release|Any CPU
		{30D446D8-7C00-4E9B-8F23-E7E535913C5F}.Release|x64.Build.0 = Release|Any CPU
		{30D446D8-7C00-4E9B-8F23-E7E535913C5F}.Release|x86.ActiveCfg = Release|Any CPU
		{30D446D8-7C00-4E9B-8F23-E7E535913C5F}.Release|x86.Build.0 = Release|Any CPU
		{15860AFF-854B-4A12-AF9F-08DB7A094021}.Debug|Any CPU.ActiveCfg = Debug|Any CPU
		{15860AFF-854B-4A12-AF9F-08DB7A094021}.Debug|Any CPU.Build.0 = Debug|Any CPU
		{15860AFF-854B-4A12-AF9F-08DB7A094021}.Debug|x64.ActiveCfg = Debug|Any CPU
		{15860AFF-854B-4A12-AF9F-08DB7A094021}.Debug|x64.Build.0 = Debug|Any CPU
		{15860AFF-854B-4A12-AF9F-08DB7A094021}.Debug|x86.ActiveCfg = Debug|Any CPU
		{15860AFF-854B-4A12-AF9F-08DB7A094021}.Debug|x86.Build.0 = Debug|Any CPU
		{15860AFF-854B-4A12-AF9F-08DB7A094021}.Release|Any CPU.ActiveCfg = Release|Any CPU
		{15860AFF-854B-4A12-AF9F-08DB7A094021}.Release|Any CPU.Build.0 = Release|Any CPU
		{15860AFF-854B-4A12-AF9F-08DB7A094021}.Release|x64.ActiveCfg = Release|Any CPU
		{15860AFF-854B-4A12-AF9F-08DB7A094021}.Release|x64.Build.0 = Release|Any CPU
		{15860AFF-854B-4A12-AF9F-08DB7A094021}.Release|x86.ActiveCfg = Release|Any CPU
		{15860AFF-854B-4A12-AF9F-08DB7A094021}.Release|x86.Build.0 = Release|Any CPU
	EndGlobalSection
	GlobalSection(SolutionProperties) = preSolution
		HideSolutionNode = FALSE
	EndGlobalSection
	GlobalSection(NestedProjects) = preSolution
		{7C19914F-A531-4D83-B0B0-1051568E96D9} = {827E0CD3-B72D-47B6-A68D-7590B98EB39B}
		{495BBAB8-4999-4DEB-A72C-0AC69EADEED8} = {827E0CD3-B72D-47B6-A68D-7590B98EB39B}
		{30D446D8-7C00-4E9B-8F23-E7E535913C5F} = {827E0CD3-B72D-47B6-A68D-7590B98EB39B}
		{15860AFF-854B-4A12-AF9F-08DB7A094021} = {827E0CD3-B72D-47B6-A68D-7590B98EB39B}
	EndGlobalSection
EndGlobal
